github.com/chzyer/readline v0.0.0-20180603132655-2972be24d48e h1:fY5BOSpyZCqRo5OhCuC+XN+r/bBCmeuuJtjz+bCNIf8=
github.com/chzyer/readline v0.0.0-20180603132655-2972be24d48e/go.mod h1:nSuG5e5PlCu98SY8svDHJxuZscDgtXS6KTTbou5AhLI=
github.com/go-kit/kit v0.7.0 h1:ApufNmWF1H6/wUbAG81hZOHmqwd0zRf8mNfLjYj/064=
github.com/go-kit/kit v0.7.0/go.mod h1:xBxKIO96dXMWWy0MnWVtmwkA9/13aqxPnvrjFYMA2as=
github.com/go-log/log v0.1.0 h1:wudGTNsiGzrD5ZjgIkVZ517ugi2XRe9Q/xRCzwEO4/U=
github.com/go-log/log v0.1.0/go.mod h1:4mBwpdRMFLiuXZDCwU2lKQFsoSCo72j3HqBK9d81N2M=
github.com/go-logfmt/logfmt v0.3.0 h1:8HUsc87TaSWLKwrnumgC8/YconD2fJQsRJAsWaPg2ic=
github.com/go-logfmt/logfmt v0.3.0/go.mod h1:Qt1PoO58o5twSAckw1HlFXLmHsOX5/0LbT9GBnD5lWE=
github.com/go-stack/stack v1.8.0 h1:5SgMzNM5HxrEjV0ww2lTmX6E2Izsfxas4+YHWRs3Lsk=
github.com/go-stack/stack v1.8.0/go.mod h1:v0f6uXyyMGvRgIKkXu+yp6POWl0qKG85gN/melR3HDY=
github.com/golang/protobuf v1.2.0 h1:P3YflyNX/ehuJFLhxviNdFxQPkGK5cDcApsge1SqnvM=
github.com/golang/protobuf v1.2.0/go.mod h1:6lQm79b+lXiMfvg/cZm0SGofjICqVBUtrP5yJMmIC1U=
github.com/google/go-microservice-helpers v0.0.0-20170611213619-4a88aaa13aa1 h1:vqwVbEOWA+K+sAHbF3DoxHUEZQ1kZ3oWXvz1oJGapKA=
github.com/google/go-microservice-helpers v0.0.0-20170611213619-4a88aaa13aa1/go.mod h1:CRQ7hS5Tr5dVEHYs6JhcdygxqlhDxiPmYvZGQDyeZvM=
github.com/google/uuid v1.0.0 h1:b4Gk+7WdP/d3HZH8EJsZpvV7EtDOgaZLtnaNGIu1adA=
github.com/google/uuid v1.0.0/go.mod h1:TIyPZe4MgqvfeYDBFedMoGGpEw/LqOeaOT+nhxU+yHo=
github.com/gorilla/handlers v1.4.0 h1:XulKRWSQK5uChr4pEgSE4Tc/OcmnU9GJuSwdog/tZsA=
github.com/gorilla/handlers v1.4.0/go.mod h1:Qkdc/uu4tH4g6mTK6auzZ766c4CA0Ng8+o/OAirnOIQ=
github.com/gorilla/mux v1.6.2 h1:Pgr17XVTNXAk3q/r4CpKzC5xBM/qW1uVLV+IhRZpIIk=
github.com/gorilla/mux v1.6.2/go.mod h1:1lud6UwP+6orDFRuTfBEV8e9/aOM/c4fVVCaMa2zaAs=
github.com/gorilla/websocket v1.4.0 h1:WDFjx/TMzVgy9VdMMQi2K2Emtwi2QcUQsztZ/zLaH/Q=
github.com/gorilla/websocket v1.4.0/go.mod h1:E7qHFY5m1UJ88s3WnNqhKjPHQ0heANvMoAMk2YaljkQ=
github.com/hashicorp/consul v1.2.2 h1:C5FurAZWLQ+XAjmL9g6rXbPlwxyyz8DvTL0WCAxTLAo=
github.com/hashicorp/consul v1.2.2/go.mod h1:mFrjN1mfidgJfYP1xrJCF+AfRhr6Eaqhb2+sfyn/OOI=
github.com/hashicorp/go-cleanhttp v0.5.0 h1:wvCrVc9TjDls6+YGAF2hAifE1E5U1+b4tH6KdvN3Gig=
github.com/hashicorp/go-cleanhttp v0.5.0/go.mod h1:JpRdi6/HCYpAwUzNwuwqhbovhLtngrth3wmdIIUrZ80=
github.com/hashicorp/go-rootcerts v0.0.0-20160503143440-6bb64b370b90 h1:9HVkPxOpo+yO93Ah4yrO67d/qh0fbLLWbKqhYjyHq9A=
github.com/hashicorp/go-rootcerts v0.0.0-20160503143440-6bb64b370b90/go.mod h1:o4zcYY1e0GEZI6eSEr+43QDYmuGglw1qSO6qdHUHCgg=
github.com/hashicorp/serf v0.8.1 h1:mYs6SMzu72+90OcPa5wr3nfznA4Dw9UyR791ZFNOIf4=
github.com/hashicorp/serf v0.8.1/go.mod h1:h/Ru6tmZazX7WO/GDmwdpS975F019L4t5ng5IgwbNrE=
github.com/json-iterator/go v1.1.5 h1:gL2yXlmiIo4+t+y32d4WGwOjKGYcGOuyrg46vadswDE=
github.com/json-iterator/go v1.1.5/go.mod h1:+SdeFBvtyEkXs7REEP0seUULqWtbJapLOCVDaaPEHmU=
github.com/micro/cli v0.0.0-20180830071301-8b9d33ec2f19 h1:yYBEdLtvpHSezqBvUkGHJynuhgAek5Uew5P3RG7teQw=
github.com/micro/cli v0.0.0-20180830071301-8b9d33ec2f19/go.mod h1:x9x6qy+tXv17jzYWQup462+j3SIUgDa6vVTzU4IXy/w=
github.com/micro/go-api v0.3.1 h1:tuxFO/ZtuSBfEqltivJ/JEC2GME5VHsteXuEdh8kIUI=
github.com/micro/go-api v0.3.1/go.mod h1:itWuEfGqJNM5q5hct5LWYFSxwPZWyngnrRpgMQJxlA0=
github.com/micro/go-bot v0.0.0-20180902124620-3b0e8a8550a5 h1:/ehri7P3lLZYFmffG56DnYyJ0K0G4MgEGKeUNAkkKZE=
github.com/micro/go-bot v0.0.0-20180902124620-3b0e8a8550a5/go.mod h1:LJbtcpqRNyOrHrNnhLPiexIUb9ErxDSeWIJbj1UB9hQ=
github.com/micro/go-grpc v0.3.0 h1:7zU2uBb76WKWXo+GLHpC4U7DrXkbKljXTiPTUhYyxaw=
github.com/micro/go-grpc v0.3.0/go.mod h1:m8NMevmhL63muB3I1AnI8uf7YaW4YVjNIDW8PpQPRg8=
github.com/micro/go-log v0.0.0-20170512141327-cbfa9447f9b6 h1:Nz+rX1q6rJLAQcLBB6maXYUmSvcdzJR2OArDKCDkco4=
github.com/micro/go-log v0.0.0-20170512141327-cbfa9447f9b6/go.mod h1:QikSuviYcIE8V0CY4e0RRqVs3Oh8EuzX+qCEOnh9Qh8=
github.com/micro/go-micro v0.11.0 h1:L2NGrfw036DBDYRZLgC9hoxYwiutNUGCml+bt/bXIBo=
github.com/micro/go-micro v0.11.0/go.mod h1:3z3lfMkNU9Sr1L/CxL++8pVJmQapRo0N6kNjwYDtOVs=
github.com/micro/go-plugins v0.13.0 h1:CAV3ESeby6AGRH0vTQQeYXNmUPAMfpoTN1pGnv2WKGM=
github.com/micro/go-plugins v0.13.0/go.mod h1:dNzFjp55RfRhGm7zC6tPPzbdnAPo8+Yq4DbgEWdx6gc=
github.com/micro/go-rcache v0.0.0-20180418165751-a581a57b5133 h1:hA0jzfRMat31ugTTK3BQfxGSuh7zD4Or/lEo/4edJiE=
github.com/micro/go-rcache v0.0.0-20180418165751-a581a57b5133/go.mod h1:CBzgfnsCYHcyLg1qeTShF0iDErQmcLmSt+SdwjLkckI=
github.com/micro/grpc-go v1.13.0 h1:SADDTxjpcErOnepnsiUqW7doIuQj2Ip0mi/PQhTOskg=
github.com/micro/grpc-go v1.13.0/go.mod h1:bCr/Y4tnt+tGFhGYe7kCOMoCgE/yZnFrOoRBH+Dx5sw=
github.com/micro/hipchat v0.0.0-20160328000638-4c67119ac956 h1:ODOMInAkMMz9ONunNfIw9NDVyOBCOy22vB9YASXyupQ=
github.com/micro/hipchat v0.0.0-20160328000638-4c67119ac956/go.mod h1:9LPnmAqs2JarMBCqn4eUNkATVCsGQFphxNoQEi28uLU=
github.com/micro/mdns v0.0.0-20160929165650-cdf30746f9f7 h1:DbCL1cj4e6CW1R+e+BMr39LG7Fg3g1kIla09CPKwgu0=
github.com/micro/mdns v0.0.0-20160929165650-cdf30746f9f7/go.mod h1:SQG6o/94RinohLuB5noHSevg2Iqg2wXLDUn4lj2LWWo=
github.com/micro/micro v0.13.0 h1:aCv9hkSefUI7e8TnbzDntaCzD4yo2kGR1I4W/4fI3Uc=
github.com/micro/micro v0.13.0/go.mod h1:fkfl/b2vWYkKiUgYW/3uw8OVZTxE/ARw761basyjcBY=
github.com/micro/util v0.0.0-20180417104657-4b7ed83e8520 h1:UgysDrM51CTeMHo/KOasDrWvrE0K15xjnR/qLeuPRFg=
github.com/micro/util v0.0.0-20180417104657-4b7ed83e8520/go.mod h1:vxd7TGn28ynEMF4szG3PHTzgo3bx3FpfON9xpFsGc+g=
github.com/miekg/dns v1.0.8 h1:Zi8HNpze3NeRWH1PQV6O71YcvJRQ6j0lORO6DAEmAAI=
github.com/miekg/dns v1.0.8/go.mod h1:W1PPwlIAgtquWBMBEV9nkV9Cazfe8ScdGz/Lj7v3Nrg=
github.com/mitchellh/go-homedir v1.0.0 h1:vKb8ShqSby24Yrqr/yDYkuFz8d0WUjys40rvnGC8aR0=
github.com/mitchellh/go-homedir v1.0.0/go.mod h1:SfyaCUpYCn1Vlf4IUYiD9fPX4A5wJrkLzIz1N1q0pr0=
github.com/mitchellh/hashstructure v1.0.0 h1:ZkRJX1CyOoTkar7p/mLS5TZU4nJ1Rn/F8u9dGS02Q3Y=
github.com/mitchellh/hashstructure v1.0.0/go.mod h1:QjSHrPWS+BGUVBYkbTZWEnOh3G1DutKwClXU/ABz6AQ=
github.com/mitchellh/mapstructure v1.0.0 h1:vVpGvMXJPqSDh2VYHF7gsfQj8Ncx+Xw5Y1KHeTRY+7I=
github.com/mitchellh/mapstructure v1.0.0/go.mod h1:FVVH3fgwuzCH5S8UJGiWEs2h04kUh9fWfEaFds41c1Y=
github.com/modern-go/concurrent v0.0.0-20180306012644-bacd9c7ef1dd h1:TRLaZ9cD/w8PVh93nsPXa1VrQ6jlwL5oN8l14QlcNfg=
github.com/modern-go/concurrent v0.0.0-20180306012644-bacd9c7ef1dd/go.mod h1:6dJC0mAP4ikYIbvyc7fijjWJddQyLn8Ig3JB5CqoB9Q=
github.com/modern-go/reflect2 v1.0.1 h1:9f412s+6RmYXLWZSEzVVgPGK7C2PphHj5RJrvfx9AWI=
github.com/modern-go/reflect2 v1.0.1/go.mod h1:bx2lNnkwVCuqBIxFjflWJWanXIb3RllmbCylyMrvgv0=
github.com/nizsheanez/monorepo v0.0.0-20180910080142-2ed0fa8ce3c4 h1:k6IGSCr83i5AOKLZRIGNg03/aa04ZK1CpLsAXV6i6NU=
github.com/nizsheanez/monorepo/proj1/client v1.0.1 h1:bgaQEZImvAV27AmPLV1CCT/cFJ2I9aP6l7LFWS9u65U=
github.com/nizsheanez/monorepo/proj1/client v1.0.1/go.mod h1:bt/c9fmMGBGzkl0U4BAMq2L01OL6lUGoYjKlAct1uF4=
github.com/nizsheanez/monorepo/proj1/client v1.0.2 h1:M0fAQl9rsL3XvNuip3cOel+A9S6RK0F5S85EsyPLP8s=
github.com/nizsheanez/monorepo/proj1/client v1.0.2/go.mod h1:O8gOl7x1S37enzmeQAOhVkO+t/bnrXtU7hU0to8r+YA=
github.com/nizsheanez/monorepo/proj1/client v1.0.3 h1:nfhn4wP9AfsH/sbk22FBACE7ccdVO/rm8ESlqCcWIjQ=
github.com/nizsheanez/monorepo/proj1/client v1.0.3/go.mod h1:O8gOl7x1S37enzmeQAOhVkO+t/bnrXtU7hU0to8r+YA=
github.com/nizsheanez/monorepo/todo/projects v1.0.1 h1:nkbN0SHZku9YKw9eRchduZP54LnmcZk+HiAbVvIYPqA=
github.com/nizsheanez/monorepo/todo/projects v1.0.1/go.mod h1:lj6APVn+cpmMslGmn0eiethzFVFLdG6xvpM8oblzEq0=
github.com/nizsheanez/monorepo/todo/projects v1.0.3 h1:xO+Ar9CCCbT71ite4yE+43nG2BjKPfdMO8+h+eS4zoo=
github.com/nizsheanez/monorepo/todo/projects v1.0.3/go.mod h1:lj6APVn+cpmMslGmn0eiethzFVFLdG6xvpM8oblzEq0=
github.com/nizsheanez/monorepo/todo/todo v1.0.4 h1:Q2HjwWNSVx9x+1QrTUYSOsRZ3nWMc7XTCawni4C3YI8=
github.com/nizsheanez/monorepo/todo/todo v1.0.4/go.mod h1:pXWXVs4TQyfNJaWWZJ9Ee0Ge7MiVgZxwOqHjvDKbhUY=
github.com/nizsheanez/monorepo/todo/todo v1.0.6 h1:Lbd6Ve61mgh9tsGAkrZbvmd7GFzpg5KN98TuSaEGqYI=
github.com/nizsheanez/monorepo/todo/todo v1.0.6/go.mod h1:pXWXVs4TQyfNJaWWZJ9Ee0Ge7MiVgZxwOqHjvDKbhUY=
github.com/nlopes/slack v0.3.0 h1:jCxvaS8wC4Bb1jnbqZMjCDkOOgy4spvQWcrw/TF0L0E=
github.com/nlopes/slack v0.3.0/go.mod h1:jVI4BBK3lSktibKahxBF74txcK2vyvkza1z/+rRnVAM=
github.com/pborman/uuid v0.0.0-20180909234540-25cd46ecac86 h1:kX78iVDtH+/sB0tiR3mkEEsO338B2F3OwE6t5d7vQmE=
github.com/pborman/uuid v0.0.0-20180909234540-25cd46ecac86/go.mod h1:VyrYX9gd7irzKovcSS6BIIEwPRkP2Wm2m9ufcdFSJ34=
github.com/pkg/errors v0.8.0 h1:WdK/asTD0HN+q6hsWO3/vpuAkAr+tw6aNJNDFFf0+qw=
github.com/pkg/errors v0.8.0/go.mod h1:bwawxfHBFNV+L2hUp1rHADufV3IMtnDRdf1r5NINEl0=
github.com/serenize/snaker v0.0.0-20171204205717-a683aaf2d516 h1:ofR1ZdrNSkiWcMsRrubK9tb2/SlZVWttAfqUjJi6QYc=
github.com/serenize/snaker v0.0.0-20171204205717-a683aaf2d516/go.mod h1:Yow6lPLSAXx2ifx470yD/nUe22Dv5vBvxK/UK9UUTVs=
github.com/sony/gobreaker v0.0.0-20180905101324-b2a34562d02c h1:7EMc5KMRVlkzEyK5n4YqdPEsmO+6AlAGCJiqnqW6n2Y=
github.com/sony/gobreaker v0.0.0-20180905101324-b2a34562d02c/go.mod h1:XvpJiTD8NibaH7z0NzyfhR1+NQDtR9F/x92xheTwC9k=
github.com/xlab/treeprint v0.0.0-20180616005107-d6fb6747feb6 h1:YdYsPAZ2pC6Tow/nPZOPQ96O3hm/ToAkGsPLzedXERk=
github.com/xlab/treeprint v0.0.0-20180616005107-d6fb6747feb6/go.mod h1:ce1O1j6UtZfjr22oyGxGLbauSBp2YVXpARAosm7dHBg=
golang.org/x/crypto v0.0.0-20180904163835-0709b304e793 h1:u+LnwYTOOW7Ukr/fppxEb1Nwz0AtPflrblfvUudpo+I=
golang.org/x/crypto v0.0.0-20180904163835-0709b304e793/go.mod h1:6SG95UA2DQfeDnfUPMdvaQW0Q7yPrPDi9nlGo2tz2b4=
golang.org/x/net v0.0.0-20180906233101-161cd47e91fd h1:nTDtHvHSdCn1m6ITfMRqtOd/9+7a3s8RBNOZ3eYZzJA=
golang.org/x/net v0.0.0-20180906233101-161cd47e91fd/go.mod h1:mL1N/T3taQHkDXs73rZJwtUhF3w3ftmwwsq0BUmARs4=
golang.org/x/sys v0.0.0-20180909124046-d0be0721c37e/go.mod h1:STP8DvDyc/dI5b8T5hshtkjS+E42TnysNCUPdjciGhY=
golang.org/x/text v0.3.0 h1:g61tztE5qeGQ89tm6NTjjM9VPIm088od1l6aSorWRWg=
golang.org/x/text v0.3.0/go.mod h1:NqM8EUOU14njkJ3fqMW+pc6Ldnwhi/IjpwHt7yyuwOQ=
google.golang.org/genproto v0.0.0-20180831171423-11092d34479b h1:lohp5blsw53GBXtLyLNaTXPXS9pJ1tiTw61ZHUoE9Qw=
google.golang.org/genproto v0.0.0-20180831171423-11092d34479b/go.mod h1:JiN7NxoALGmiZfu7CAH4rXhgtRTLTxftemlI0sWmxmc=
google.golang.org/grpc v1.14.0 h1:ArxJuB1NWfPY6r9Gp9gqwplT0Ge7nqv9msgu03lHLmo=
google.golang.org/grpc v1.14.0/go.mod h1:yo6s7OP7yaDglbqo1J04qKzAhqBH6lvTonzMVmEdcZw=
